
Microsoft Visual Studio Solution File, Format Version 12.00
# Visual Studio Version 16
VisualStudioVersion = 16.0.30907.101
MinimumVisualStudioVersion = 10.0.40219.1
Project("{FAE04EC0-301F-11D3-BF4B-00C04F79EFBC}") = "BMSApi", "BMSApi\BMSApi.csproj", "{B0942417-5A86-4439-B1BB-1D2A0F50D698}"
EndProject
Project("{FAE04EC0-301F-11D3-BF4B-00C04F79EFBC}") = "BMSEntity", "BMSEntity\BMSEntity.csproj", "{020B0D6E-D36A-4E8D-B0F3-CD0105D84A0F}"
EndProject
Project("{FAE04EC0-301F-11D3-BF4B-00C04F79EFBC}") = "BMSRepository", "BMSRepository\BMSRepository.csproj", "{2EB48971-76C4-49F2-A33D-F409CB397037}"
EndProject
Global
	GlobalSection(SolutionConfigurationPlatforms) = preSolution
		Debug|Any CPU = Debug|Any CPU
		Release|Any CPU = Release|Any CPU
	EndGlobalSection
	GlobalSection(ProjectConfigurationPlatforms) = postSolution
		{B0942417-5A86-4439-B1BB-1D2A0F50D698}.Debug|Any CPU.ActiveCfg = Debug|Any CPU
		{B0942417-5A86-4439-B1BB-1D2A0F50D698}.Debug|Any CPU.Build.0 = Debug|Any CPU
		{B0942417-5A86-4439-B1BB-1D2A0F50D698}.Release|Any CPU.ActiveCfg = Release|Any CPU
		{B0942417-5A86-4439-B1BB-1D2A0F50D698}.Release|Any CPU.Build.0 = Release|Any CPU
		{020B0D6E-D36A-4E8D-B0F3-CD0105D84A0F}.Debug|Any CPU.ActiveCfg = Debug|Any CPU
		{020B0D6E-D36A-4E8D-B0F3-CD0105D84A0F}.Debug|Any CPU.Build.0 = Debug|Any CPU
		{020B0D6E-D36A-4E8D-B0F3-CD0105D84A0F}.Release|Any CPU.ActiveCfg = Release|Any CPU
		{020B0D6E-D36A-4E8D-B0F3-CD0105D84A0F}.Release|Any CPU.Build.0 = Release|Any CPU
		{2EB48971-76C4-49F2-A33D-F409CB397037}.Debug|Any CPU.ActiveCfg = Debug|Any CPU
		{2EB48971-76C4-49F2-A33D-F409CB397037}.Debug|Any CPU.Build.0 = Debug|Any CPU
		{2EB48971-76C4-49F2-A33D-F409CB397037}.Release|Any CPU.ActiveCfg = Release|Any CPU
		{2EB48971-76C4-49F2-A33D-F409CB397037}.Release|Any CPU.Build.0 = Release|Any CPU
	EndGlobalSection
	GlobalSection(SolutionProperties) = preSolution
		HideSolutionNode = FALSE
	EndGlobalSection
	GlobalSection(ExtensibilityGlobals) = postSolution
		SolutionGuid = {DE3F6EE4-B736-4E9C-B01B-8ABDFF757585}
	EndGlobalSection
EndGlobal
